
Microsoft Visual Studio Solution File, Format Version 12.00
# Visual Studio Version 16
VisualStudioVersion = 16.0.32228.343
MinimumVisualStudioVersion = 10.0.40219.1
Project("{9A19103F-16F7-4668-BE54-9A1E7A4F7556}") = "Ejercicio_1", "Ejercicio_1\Ejercicio_1.csproj", "{270A5D66-09B5-4A79-8833-8C1D08731C89}"
EndProject
Project("{FAE04EC0-301F-11D3-BF4B-00C04F79EFBC}") = "Ejercicio_2", "Ejercicio_2\Ejercicio_2.csproj", "{84477912-7F1A-4826-95EB-86FCD1DC9DF5}"
EndProject
Global
	GlobalSection(SolutionConfigurationPlatforms) = preSolution
		Debug|Any CPU = Debug|Any CPU
		Release|Any CPU = Release|Any CPU
	EndGlobalSection
	GlobalSection(ProjectConfigurationPlatforms) = postSolution
		{270A5D66-09B5-4A79-8833-8C1D08731C89}.Debug|Any CPU.ActiveCfg = Debug|Any CPU
		{270A5D66-09B5-4A79-8833-8C1D08731C89}.Debug|Any CPU.Build.0 = Debug|Any CPU
		{270A5D66-09B5-4A79-8833-8C1D08731C89}.Release|Any CPU.ActiveCfg = Release|Any CPU
		{270A5D66-09B5-4A79-8833-8C1D08731C89}.Release|Any CPU.Build.0 = Release|Any CPU
		{84477912-7F1A-4826-95EB-86FCD1DC9DF5}.Debug|Any CPU.ActiveCfg = Debug|Any CPU
		{84477912-7F1A-4826-95EB-86FCD1DC9DF5}.Debug|Any CPU.Build.0 = Debug|Any CPU
		{84477912-7F1A-4826-95EB-86FCD1DC9DF5}.Release|Any CPU.ActiveCfg = Release|Any CPU
		{84477912-7F1A-4826-95EB-86FCD1DC9DF5}.Release|Any CPU.Build.0 = Release|Any CPU
	EndGlobalSection
	GlobalSection(SolutionProperties) = preSolution
		HideSolutionNode = FALSE
	EndGlobalSection
	GlobalSection(ExtensibilityGlobals) = postSolution
		SolutionGuid = {3AE8B5FB-B99A-40D7-B013-3A591BABBD21}
	EndGlobalSection
EndGlobal
